{
  "name": "markdown-preview",
  "version": "1.0.0",
  "lockfileVersion": 3,
  "requires": true,
  "packages": {
    "": {
      "name": "markdown-preview",
      "version": "1.0.0",
      "dependencies": {
        "wordgard": "0.3.1"
      }
    },
    "node_modules/@marijn/find-cluster-break": {
      "version": "1.0.3",
      "resolved": "https://registry.npmjs.org/@marijn/find-cluster-break/-/find-cluster-break-1.0.3.tgz",
      "integrity": "sha512-FY+MKLBoTsLNJF/eLWaOsXGdz6uh3Iu1axjPf6TUq92IYumcTcXWHoS747JARLkcdlJ/Waiaxc5wQfFO8jC6NA==",
      "license": "MIT"
    },
    "node_modules/crelt": {
      "version": "1.0.7",
      "resolved": "https://registry.npmjs.org/crelt/-/crelt-1.0.7.tgz",
      "integrity": "sha512-aK6BbWfhf4U/wCcLHKPJl/xa6VkVstRaPywWtMKGwuOLc/wZTyQYuoxgvZnNsBvv7Kg3YTBQYYBCggcviQczuA==",
      "license": "MIT"
    },
    "node_modules/style-mod": {
      "version": "4.1.3",
      "resolved": "https://registry.npmjs.org/style-mod/-/style-mod-4.1.3.tgz",
      "integrity": "sha512-i/n8VsZydrugj3Iuzll8+x/00GH2vnYsk1eomD8QiRrSAeW6ItbCQDtfXCeJHd0iwiNagqjQkvpvREEPtW3IoQ==",
      "license": "MIT"
    },
    "node_modules/wordgard": {
      "version": "0.3.1",
      "resolved": "https://registry.npmjs.org/wordgard/-/wordgard-0.3.1.tgz",
      "integrity": "sha512-H8tn9jeYwd96S9XaH6C+BLbT7clFdr9YGwet+HwxIFF9bgckTAolb57SudKHYuYJj74BlIqxyRLh8IEjqm2VAg==",
      "license": "MIT",
      "dependencies": {
        "@marijn/find-cluster-break": "^1.0.2",
        "crelt": "^1.0.6",
        "style-mod": "^4.1.3"
      },
      "engines": {
        "node": ">=22"
      }
    }
  }
}
